
Microsoft Visual Studio Solution File, Format Version 12.00
# Visual Studio Version 17
VisualStudioVersion = 17.14.36915.13 d17.14
MinimumVisualStudioVersion = 10.0.40219.1
Project("{FAE04EC0-301F-11D3-BF4B-00C04F79EFBC}") = "25DH110808_LTW", "25DH110808_LTW\25DH110808_LTW.csproj", "{A525CCCB-87ED-4F85-B238-A78B91D3C05D}"
EndProject
Global
	GlobalSection(SolutionConfigurationPlatforms) = preSolution
		Debug|Any CPU = Debug|Any CPU
		Release|Any CPU = Release|Any CPU
	EndGlobalSection
	GlobalSection(ProjectConfigurationPlatforms) = postSolution
		{A525CCCB-87ED-4F85-B238-A78B91D3C05D}.Debug|Any CPU.ActiveCfg = Debug|Any CPU
		{A525CCCB-87ED-4F85-B238-A78B91D3C05D}.Debug|Any CPU.Build.0 = Debug|Any CPU
		{A525CCCB-87ED-4F85-B238-A78B91D3C05D}.Release|Any CPU.ActiveCfg = Release|Any CPU
		{A525CCCB-87ED-4F85-B238-A78B91D3C05D}.Release|Any CPU.Build.0 = Release|Any CPU
	EndGlobalSection
	GlobalSection(SolutionProperties) = preSolution
		HideSolutionNode = FALSE
	EndGlobalSection
	GlobalSection(ExtensibilityGlobals) = postSolution
		SolutionGuid = {24F4538C-4A34-4B60-910C-0B104920961F}
	EndGlobalSection
EndGlobal
